
Microsoft Visual Studio Solution File, Format Version 12.00
# Visual Studio 15
VisualStudioVersion = 15.0.26730.8
MinimumVisualStudioVersion = 10.0.40219.1
Project("{FAE04EC0-301F-11D3-BF4B-00C04F79EFBC}") = "Lab08StudentGrades", "Lab08StudentGrades\Lab08StudentGrades.csproj", "{E77A31FE-4F7C-4957-81EC-A6FDC755649A}"
EndProject
Global
	GlobalSection(SolutionConfigurationPlatforms) = preSolution
		Debug|Any CPU = Debug|Any CPU
		Release|Any CPU = Release|Any CPU
	EndGlobalSection
	GlobalSection(ProjectConfigurationPlatforms) = postSolution
		{E77A31FE-4F7C-4957-81EC-A6FDC755649A}.Debug|Any CPU.ActiveCfg = Debug|Any CPU
		{E77A31FE-4F7C-4957-81EC-A6FDC755649A}.Debug|Any CPU.Build.0 = Debug|Any CPU
		{E77A31FE-4F7C-4957-81EC-A6FDC755649A}.Release|Any CPU.ActiveCfg = Release|Any CPU
		{E77A31FE-4F7C-4957-81EC-A6FDC755649A}.Release|Any CPU.Build.0 = Release|Any CPU
	EndGlobalSection
	GlobalSection(SolutionProperties) = preSolution
		HideSolutionNode = FALSE
	EndGlobalSection
	GlobalSection(ExtensibilityGlobals) = postSolution
		SolutionGuid = {99715BB4-1722-4C80-9DF9-B3B44F6538E0}
	EndGlobalSection
EndGlobal
