
Microsoft Visual Studio Solution File, Format Version 12.00
# Visual Studio 15
VisualStudioVersion = 15.0.26730.8
MinimumVisualStudioVersion = 10.0.40219.1
Project("{FAE04EC0-301F-11D3-BF4B-00C04F79EFBC}") = "Lab12Authentication", "Lab12Authentication\Lab12Authentication.csproj", "{0230CA4E-DF94-4294-8AEF-3ABD52E9A6A0}"
EndProject
Global
	GlobalSection(SolutionConfigurationPlatforms) = preSolution
		Debug|Any CPU = Debug|Any CPU
		Release|Any CPU = Release|Any CPU
	EndGlobalSection
	GlobalSection(ProjectConfigurationPlatforms) = postSolution
		{0230CA4E-DF94-4294-8AEF-3ABD52E9A6A0}.Debug|Any CPU.ActiveCfg = Debug|Any CPU
		{0230CA4E-DF94-4294-8AEF-3ABD52E9A6A0}.Debug|Any CPU.Build.0 = Debug|Any CPU
		{0230CA4E-DF94-4294-8AEF-3ABD52E9A6A0}.Release|Any CPU.ActiveCfg = Release|Any CPU
		{0230CA4E-DF94-4294-8AEF-3ABD52E9A6A0}.Release|Any CPU.Build.0 = Release|Any CPU
	EndGlobalSection
	GlobalSection(SolutionProperties) = preSolution
		HideSolutionNode = FALSE
	EndGlobalSection
	GlobalSection(ExtensibilityGlobals) = postSolution
		SolutionGuid = {8D94E4E9-D1F3-47E0-965D-662496DABCDD}
	EndGlobalSection
EndGlobal
